// !$*UTF8*$!
{
	archiveVersion = 1;
	classes = {
	};
	objectVersion = 46;
	objects = {

/* Begin PBXBuildFile section */
		8D7F30872060E2B000491B70 /* Table.cpp in Sources */ = {isa = PBXBuildFile; fileRef = 8D7F30852060E2B000491B70 /* Table.cpp */; };
		E5A562DF205B292F00822B7B /* OpenGL.framework in Frameworks */ = {isa = PBXBuildFile; fileRef = E5A562DE205B292F00822B7B /* OpenGL.framework */; };
		E5A562E1205B293400822B7B /* GLUT.framework in Frameworks */ = {isa = PBXBuildFile; fileRef = E5A562E0205B293400822B7B /* GLUT.framework */; };
		E5A562F3205B296500822B7B /* Camera.cpp in Sources */ = {isa = PBXBuildFile; fileRef = E5A562E3205B296500822B7B /* Camera.cpp */; };
		E5A562F4205B296500822B7B /* Cube.cpp in Sources */ = {isa = PBXBuildFile; fileRef = E5A562E6205B296500822B7B /* Cube.cpp */; };
		E5A562F5205B296500822B7B /* Drawable.cpp in Sources */ = {isa = PBXBuildFile; fileRef = E5A562E8205B296500822B7B /* Drawable.cpp */; };
		E5A562F6205B296500822B7B /* InitShader.cpp in Sources */ = {isa = PBXBuildFile; fileRef = E5A562EA205B296500822B7B /* InitShader.cpp */; };
		E5A562F7205B296500822B7B /* main.cpp in Sources */ = {isa = PBXBuildFile; fileRef = E5A562EC205B296500822B7B /* main.cpp */; };
		E5A562F8205B296500822B7B /* Plane.cpp in Sources */ = {isa = PBXBuildFile; fileRef = E5A562EE205B296500822B7B /* Plane.cpp */; };
		E5A562F9205B296500822B7B /* Sphere.cpp in Sources */ = {isa = PBXBuildFile; fileRef = E5A562F0205B296500822B7B /* Sphere.cpp */; };
/* End PBXBuildFile section */

/* Begin PBXCopyFilesBuildPhase section */
		E5A562D1205B292600822B7B /* CopyFiles */ = {
			isa = PBXCopyFilesBuildPhase;
			buildActionMask = 2147483647;
			dstPath = /usr/share/man/man1/;
			dstSubfolderSpec = 0;
			files = (
			);
			runOnlyForDeploymentPostprocessing = 1;
		};
/* End PBXCopyFilesBuildPhase section */

/* Begin PBXFileReference section */
		8D7F30852060E2B000491B70 /* Table.cpp */ = {isa = PBXFileReference; fileEncoding = 4; lastKnownFileType = sourcecode.cpp.cpp; path = Table.cpp; sourceTree = "<group>"; };
		8D7F30862060E2B000491B70 /* Table.h */ = {isa = PBXFileReference; fileEncoding = 4; lastKnownFileType = sourcecode.c.h; path = Table.h; sourceTree = "<group>"; };
		8D7F30882060EBB100491B70 /* fshaderTM_v150.glsl */ = {isa = PBXFileReference; lastKnownFileType = text; name = fshaderTM_v150.glsl; path = DerivedData/Build/Products/Debug/fshaderTM_v150.glsl; sourceTree = "<group>"; };
		8D7F30892060EBB100491B70 /* vshaderTM_v150.glsl */ = {isa = PBXFileReference; lastKnownFileType = text; name = vshaderTM_v150.glsl; path = DerivedData/Build/Products/Debug/vshaderTM_v150.glsl; sourceTree = "<group>"; };
		8DDD366F2060385700BD3B91 /* fshader00_v150.glsl */ = {isa = PBXFileReference; lastKnownFileType = text; name = fshader00_v150.glsl; path = DerivedData/Build/Products/Debug/fshader00_v150.glsl; sourceTree = "<group>"; };
		8DDD36702060385700BD3B91 /* fshader01_v150.glsl */ = {isa = PBXFileReference; lastKnownFileType = text; name = fshader01_v150.glsl; path = DerivedData/Build/Products/Debug/fshader01_v150.glsl; sourceTree = "<group>"; };
		8DDD36712060385700BD3B91 /* fshaderLighting_v150.glsl */ = {isa = PBXFileReference; lastKnownFileType = text; name = fshaderLighting_v150.glsl; path = DerivedData/Build/Products/Debug/fshaderLighting_v150.glsl; sourceTree = "<group>"; };
		8DDD36722060385700BD3B91 /* vshader01_v150.glsl */ = {isa = PBXFileReference; lastKnownFileType = text; name = vshader01_v150.glsl; path = DerivedData/Build/Products/Debug/vshader01_v150.glsl; sourceTree = "<group>"; };
		8DDD36732060385700BD3B91 /* vshaderLighting_v150.glsl */ = {isa = PBXFileReference; lastKnownFileType = text; name = vshaderLighting_v150.glsl; path = DerivedData/Build/Products/Debug/vshaderLighting_v150.glsl; sourceTree = "<group>"; };
		E5A562D3205B292600822B7B /* CS432-FinalProject */ = {isa = PBXFileReference; explicitFileType = "compiled.mach-o.executable"; includeInIndex = 0; path = "CS432-FinalProject"; sourceTree = BUILT_PRODUCTS_DIR; };
		E5A562DE205B292F00822B7B /* OpenGL.framework */ = {isa = PBXFileReference; lastKnownFileType = wrapper.framework; name = OpenGL.framework; path = System/Library/Frameworks/OpenGL.framework; sourceTree = SDKROOT; };
		E5A562E0205B293400822B7B /* GLUT.framework */ = {isa = PBXFileReference; lastKnownFileType = wrapper.framework; name = GLUT.framework; path = System/Library/Frameworks/GLUT.framework; sourceTree = SDKROOT; };
		E5A562E2205B296500822B7B /* Angel.h */ = {isa = PBXFileReference; fileEncoding = 4; lastKnownFileType = sourcecode.c.h; path = Angel.h; sourceTree = "<group>"; };
		E5A562E3205B296500822B7B /* Camera.cpp */ = {isa = PBXFileReference; fileEncoding = 4; lastKnownFileType = sourcecode.cpp.cpp; path = Camera.cpp; sourceTree = "<group>"; };
		E5A562E4205B296500822B7B /* Camera.h */ = {isa = PBXFileReference; fileEncoding = 4; lastKnownFileType = sourcecode.c.h; path = Camera.h; sourceTree = "<group>"; };
		E5A562E5205B296500822B7B /* CheckError.h */ = {isa = PBXFileReference; fileEncoding = 4; lastKnownFileType = sourcecode.c.h; path = CheckError.h; sourceTree = "<group>"; };
		E5A562E6205B296500822B7B /* Cube.cpp */ = {isa = PBXFileReference; fileEncoding = 4; lastKnownFileType = sourcecode.cpp.cpp; path = Cube.cpp; sourceTree = "<group>"; };
		E5A562E7205B296500822B7B /* Cube.h */ = {isa = PBXFileReference; fileEncoding = 4; lastKnownFileType = sourcecode.c.h; path = Cube.h; sourceTree = "<group>"; };
		E5A562E8205B296500822B7B /* Drawable.cpp */ = {isa = PBXFileReference; fileEncoding = 4; lastKnownFileType = sourcecode.cpp.cpp; path = Drawable.cpp; sourceTree = "<group>"; };
		E5A562E9205B296500822B7B /* Drawable.h */ = {isa = PBXFileReference; fileEncoding = 4; lastKnownFileType = sourcecode.c.h; path = Drawable.h; sourceTree = "<group>"; };
		E5A562EA205B296500822B7B /* InitShader.cpp */ = {isa = PBXFileReference; fileEncoding = 4; lastKnownFileType = sourcecode.cpp.cpp; path = InitShader.cpp; sourceTree = "<group>"; };
		E5A562EB205B296500822B7B /* Light.h */ = {isa = PBXFileReference; fileEncoding = 4; lastKnownFileType = sourcecode.c.h; path = Light.h; sourceTree = "<group>"; };
		E5A562EC205B296500822B7B /* main.cpp */ = {isa = PBXFileReference; fileEncoding = 4; lastKnownFileType = sourcecode.cpp.cpp; path = main.cpp; sourceTree = "<group>"; };
		E5A562ED205B296500822B7B /* mat.h */ = {isa = PBXFileReference; fileEncoding = 4; lastKnownFileType = sourcecode.c.h; path = mat.h; sourceTree = "<group>"; };
		E5A562EE205B296500822B7B /* Plane.cpp */ = {isa = PBXFileReference; fileEncoding = 4; lastKnownFileType = sourcecode.cpp.cpp; path = Plane.cpp; sourceTree = "<group>"; };
		E5A562EF205B296500822B7B /* Plane.h */ = {isa = PBXFileReference; fileEncoding = 4; lastKnownFileType = sourcecode.c.h; path = Plane.h; sourceTree = "<group>"; };
		E5A562F0205B296500822B7B /* Sphere.cpp */ = {isa = PBXFileReference; fileEncoding = 4; lastKnownFileType = sourcecode.cpp.cpp; path = Sphere.cpp; sourceTree = "<group>"; };
		E5A562F1205B296500822B7B /* Sphere.h */ = {isa = PBXFileReference; fileEncoding = 4; lastKnownFileType = sourcecode.c.h; path = Sphere.h; sourceTree = "<group>"; };
		E5A562F2205B296500822B7B /* vec.h */ = {isa = PBXFileReference; fileEncoding = 4; lastKnownFileType = sourcecode.c.h; path = vec.h; sourceTree = "<group>"; };
/* End PBXFileReference section */

/* Begin PBXFrameworksBuildPhase section */
		E5A562D0205B292600822B7B /* Frameworks */ = {
			isa = PBXFrameworksBuildPhase;
			buildActionMask = 2147483647;
			files = (
				E5A562E1205B293400822B7B /* GLUT.framework in Frameworks */,
				E5A562DF205B292F00822B7B /* OpenGL.framework in Frameworks */,
			);
			runOnlyForDeploymentPostprocessing = 0;
		};
/* End PBXFrameworksBuildPhase section */

/* Begin PBXGroup section */
		E5A562CA205B292600822B7B = {
			isa = PBXGroup;
			children = (
				8DDD366F2060385700BD3B91 /* fshader00_v150.glsl */,
				8DDD36702060385700BD3B91 /* fshader01_v150.glsl */,
				8DDD36712060385700BD3B91 /* fshaderLighting_v150.glsl */,
				8DDD36722060385700BD3B91 /* vshader01_v150.glsl */,
				8DDD36732060385700BD3B91 /* vshaderLighting_v150.glsl */,
				8D7F30882060EBB100491B70 /* fshaderTM_v150.glsl */,
				8D7F30892060EBB100491B70 /* vshaderTM_v150.glsl */,
				E5A562D5205B292600822B7B /* CS432-FinalProject */,
				E5A562D4205B292600822B7B /* Products */,
				E5A562DD205B292E00822B7B /* Frameworks */,
			);
			sourceTree = "<group>";
		};
		E5A562D4205B292600822B7B /* Products */ = {
			isa = PBXGroup;
			children = (
				E5A562D3205B292600822B7B /* CS432-FinalProject */,
			);
			name = Products;
			sourceTree = "<group>";
		};
		E5A562D5205B292600822B7B /* CS432-FinalProject */ = {
			isa = PBXGroup;
			children = (
				E5A562E2205B296500822B7B /* Angel.h */,
				E5A562E3205B296500822B7B /* Camera.cpp */,
				E5A562E4205B296500822B7B /* Camera.h */,
				E5A562E5205B296500822B7B /* CheckError.h */,
				8D7F30852060E2B000491B70 /* Table.cpp */,
				8D7F30862060E2B000491B70 /* Table.h */,
				E5A562E6205B296500822B7B /* Cube.cpp */,
				E5A562E7205B296500822B7B /* Cube.h */,
				E5A562E8205B296500822B7B /* Drawable.cpp */,
				E5A562E9205B296500822B7B /* Drawable.h */,
				E5A562EA205B296500822B7B /* InitShader.cpp */,
				E5A562EB205B296500822B7B /* Light.h */,
				E5A562EC205B296500822B7B /* main.cpp */,
				E5A562ED205B296500822B7B /* mat.h */,
				E5A562EE205B296500822B7B /* Plane.cpp */,
				E5A562EF205B296500822B7B /* Plane.h */,
				E5A562F0205B296500822B7B /* Sphere.cpp */,
				E5A562F1205B296500822B7B /* Sphere.h */,
				E5A562F2205B296500822B7B /* vec.h */,
			);
			path = "CS432-FinalProject";
			sourceTree = "<group>";
		};
		E5A562DD205B292E00822B7B /* Frameworks */ = {
			isa = PBXGroup;
			children = (
				E5A562E0205B293400822B7B /* GLUT.framework */,
				E5A562DE205B292F00822B7B /* OpenGL.framework */,
			);
			name = Frameworks;
			sourceTree = "<group>";
		};
/* End PBXGroup section */

/* Begin PBXNativeTarget section */
		E5A562D2205B292600822B7B /* CS432-FinalProject */ = {
			isa = PBXNativeTarget;
			buildConfigurationList = E5A562DA205B292600822B7B /* Build configuration list for PBXNativeTarget "CS432-FinalProject" */;
			buildPhases = (
				E5A562CF205B292600822B7B /* Sources */,
				E5A562D0205B292600822B7B /* Frameworks */,
				E5A562D1205B292600822B7B /* CopyFiles */,
			);
			buildRules = (
			);
			dependencies = (
			);
			name = "CS432-FinalProject";
			productName = "CS432-FinalProject";
			productReference = E5A562D3205B292600822B7B /* CS432-FinalProject */;
			productType = "com.apple.product-type.tool";
		};
/* End PBXNativeTarget section */

/* Begin PBXProject section */
		E5A562CB205B292600822B7B /* Project object */ = {
			isa = PBXProject;
			attributes = {
				LastUpgradeCheck = 0830;
				ORGANIZATIONNAME = "Roger White";
				TargetAttributes = {
					E5A562D2205B292600822B7B = {
						CreatedOnToolsVersion = 8.3.1;
						ProvisioningStyle = Automatic;
					};
				};
			};
			buildConfigurationList = E5A562CE205B292600822B7B /* Build configuration list for PBXProject "CS432-FinalProject" */;
			compatibilityVersion = "Xcode 3.2";
			developmentRegion = English;
			hasScannedForEncodings = 0;
			knownRegions = (
				en,
			);
			mainGroup = E5A562CA205B292600822B7B;
			productRefGroup = E5A562D4205B292600822B7B /* Products */;
			projectDirPath = "";
			projectRoot = "";
			targets = (
				E5A562D2205B292600822B7B /* CS432-FinalProject */,
			);
		};
/* End PBXProject section */

/* Begin PBXSourcesBuildPhase section */
		E5A562CF205B292600822B7B /* Sources */ = {
			isa = PBXSourcesBuildPhase;
			buildActionMask = 2147483647;
			files = (
				E5A562F8205B296500822B7B /* Plane.cpp in Sources */,
				E5A562F5205B296500822B7B /* Drawable.cpp in Sources */,
				8D7F30872060E2B000491B70 /* Table.cpp in Sources */,
				E5A562F4205B296500822B7B /* Cube.cpp in Sources */,
				E5A562F6205B296500822B7B /* InitShader.cpp in Sources */,
				E5A562F9205B296500822B7B /* Sphere.cpp in Sources */,
				E5A562F7205B296500822B7B /* main.cpp in Sources */,
				E5A562F3205B296500822B7B /* Camera.cpp in Sources */,
			);
			runOnlyForDeploymentPostprocessing = 0;
		};
/* End PBXSourcesBuildPhase section */

/* Begin XCBuildConfiguration section */
		E5A562D8205B292600822B7B /* Debug */ = {
			isa = XCBuildConfiguration;
			buildSettings = {
				ALWAYS_SEARCH_USER_PATHS = NO;
				CLANG_ANALYZER_NONNULL = YES;
				CLANG_ANALYZER_NUMBER_OBJECT_CONVERSION = YES_AGGRESSIVE;
				CLANG_CXX_LANGUAGE_STANDARD = "gnu++0x";
				CLANG_CXX_LIBRARY = "libc++";
				CLANG_ENABLE_MODULES = YES;
				CLANG_ENABLE_OBJC_ARC = YES;
				CLANG_WARN_BOOL_CONVERSION = YES;
				CLANG_WARN_CONSTANT_CONVERSION = YES;
				CLANG_WARN_DIRECT_OBJC_ISA_USAGE = YES_ERROR;
				CLANG_WARN_DOCUMENTATION_COMMENTS = YES;
				CLANG_WARN_EMPTY_BODY = YES;
				CLANG_WARN_ENUM_CONVERSION = YES;
				CLANG_WARN_INFINITE_RECURSION = YES;
				CLANG_WARN_INT_CONVERSION = YES;
				CLANG_WARN_OBJC_ROOT_CLASS = YES_ERROR;
				CLANG_WARN_SUSPICIOUS_MOVE = YES;
				CLANG_WARN_UNREACHABLE_CODE = YES;
				CLANG_WARN__DUPLICATE_METHOD_MATCH = YES;
				CODE_SIGN_IDENTITY = "-";
				COPY_PHASE_STRIP = NO;
				DEBUG_INFORMATION_FORMAT = dwarf;
				ENABLE_STRICT_OBJC_MSGSEND = YES;
				ENABLE_TESTABILITY = YES;
				GCC_C_LANGUAGE_STANDARD = gnu99;
				GCC_DYNAMIC_NO_PIC = NO;
				GCC_NO_COMMON_BLOCKS = YES;
				GCC_OPTIMIZATION_LEVEL = 0;
				GCC_PREPROCESSOR_DEFINITIONS = (
					"DEBUG=1",
					"$(inherited)",
				);
				GCC_WARN_64_TO_32_BIT_CONVERSION = YES;
				GCC_WARN_ABOUT_RETURN_TYPE = YES_ERROR;
				GCC_WARN_UNDECLARED_SELECTOR = YES;
				GCC_WARN_UNINITIALIZED_AUTOS = YES_AGGRESSIVE;
				GCC_WARN_UNUSED_FUNCTION = YES;
				GCC_WARN_UNUSED_VARIABLE = YES;
				MACOSX_DEPLOYMENT_TARGET = 10.13;
				MTL_ENABLE_DEBUG_INFO = YES;
				ONLY_ACTIVE_ARCH = YES;
				SDKROOT = macosx;
			};
			name = Debug;
		};
		E5A562D9205B292600822B7B /* Release */ = {
			isa = XCBuildConfiguration;
			buildSettings = {
				ALWAYS_SEARCH_USER_PATHS = NO;
				CLANG_ANALYZER_NONNULL = YES;
				CLANG_ANALYZER_NUMBER_OBJECT_CONVERSION = YES_AGGRESSIVE;
				CLANG_CXX_LANGUAGE_STANDARD = "gnu++0x";
				CLANG_CXX_LIBRARY = "libc++";
				CLANG_ENABLE_MODULES = YES;
				CLANG_ENABLE_OBJC_ARC = YES;
				CLANG_WARN_BOOL_CONVERSION = YES;
				CLANG_WARN_CONSTANT_CONVERSION = YES;
				CLANG_WARN_DIRECT_OBJC_ISA_USAGE = YES_ERROR;
				CLANG_WARN_DOCUMENTATION_COMMENTS = YES;
				CLANG_WARN_EMPTY_BODY = YES;
				CLANG_WARN_ENUM_CONVERSION = YES;
				CLANG_WARN_INFINITE_RECURSION = YES;
				CLANG_WARN_INT_CONVERSION = YES;
				CLANG_WARN_OBJC_ROOT_CLASS = YES_ERROR;
				CLANG_WARN_SUSPICIOUS_MOVE = YES;
				CLANG_WARN_UNREACHABLE_CODE = YES;
				CLANG_WARN__DUPLICATE_METHOD_MATCH = YES;
				CODE_SIGN_IDENTITY = "-";
				COPY_PHASE_STRIP = NO;
				DEBUG_INFORMATION_FORMAT = "dwarf-with-dsym";
				ENABLE_NS_ASSERTIONS = NO;
				ENABLE_STRICT_OBJC_MSGSEND = YES;
				GCC_C_LANGUAGE_STANDARD = gnu99;
				GCC_NO_COMMON_BLOCKS = YES;
				GCC_WARN_64_TO_32_BIT_CONVERSION = YES;
				GCC_WARN_ABOUT_RETURN_TYPE = YES_ERROR;
				GCC_WARN_UNDECLARED_SELECTOR = YES;
				GCC_WARN_UNINITIALIZED_AUTOS = YES_AGGRESSIVE;
				GCC_WARN_UNUSED_FUNCTION = YES;
				GCC_WARN_UNUSED_VARIABLE = YES;
				MACOSX_DEPLOYMENT_TARGET = 10.13;
				MTL_ENABLE_DEBUG_INFO = NO;
				SDKROOT = macosx;
			};
			name = Release;
		};
		E5A562DB205B292600822B7B /* Debug */ = {
			isa = XCBuildConfiguration;
			buildSettings = {
				MACOSX_DEPLOYMENT_TARGET = 10.11;
				PRODUCT_NAME = "$(TARGET_NAME)";
			};
			name = Debug;
		};
		E5A562DC205B292600822B7B /* Release */ = {
			isa = XCBuildConfiguration;
			buildSettings = {
				MACOSX_DEPLOYMENT_TARGET = 10.11;
				PRODUCT_NAME = "$(TARGET_NAME)";
			};
			name = Release;
		};
/* End XCBuildConfiguration section */

/* Begin XCConfigurationList section */
		E5A562CE205B292600822B7B /* Build configuration list for PBXProject "CS432-FinalProject" */ = {
			isa = XCConfigurationList;
			buildConfigurations = (
				E5A562D8205B292600822B7B /* Debug */,
				E5A562D9205B292600822B7B /* Release */,
			);
			defaultConfigurationIsVisible = 0;
			defaultConfigurationName = Release;
		};
		E5A562DA205B292600822B7B /* Build configuration list for PBXNativeTarget "CS432-FinalProject" */ = {
			isa = XCConfigurationList;
			buildConfigurations = (
				E5A562DB205B292600822B7B /* Debug */,
				E5A562DC205B292600822B7B /* Release */,
			);
			defaultConfigurationIsVisible = 0;
			defaultConfigurationName = Release;
		};
/* End XCConfigurationList section */
	};
	rootObject = E5A562CB205B292600822B7B /* Project object */;
}
